
Microsoft Visual Studio Solution File, Format Version 12.00
# Visual Studio 14
VisualStudioVersion = 14.0.25420.1
MinimumVisualStudioVersion = 10.0.40219.1
Project("{8BC9CEB8-8B4A-11D0-8D11-00A0C91BC942}") = "search", "DataStructure\DataStructure.vcxproj", "{A8DF6456-FA50-4EAB-83C0-64EFC33DE7B5}"
EndProject
Project("{8BC9CEB8-8B4A-11D0-8D11-00A0C91BC942}") = "factorial", "factorial\factorial.vcxproj", "{852FF3B8-8CCD-403B-B5D6-C67BAD5E7A59}"
EndProject
Project("{8BC9CEB8-8B4A-11D0-8D11-00A0C91BC942}") = "fibonacci", "fibonacci\fibonacci.vcxproj", "{BC74A167-1FED-4BC1-A00C-C84B6A148214}"
EndProject
Project("{8BC9CEB8-8B4A-11D0-8D11-00A0C91BC942}") = "BSearchRecur", "BSearchRecur\BSearchRecur.vcxproj", "{05257DD7-C63E-4817-9499-276F9D6A9010}"
EndProject
Project("{8BC9CEB8-8B4A-11D0-8D11-00A0C91BC942}") = "HanoiTower", "HanoiTower\HanoiTower.vcxproj", "{C6145AA1-B897-4D72-B9DF-D153C47167CC}"
EndProject
Project("{8BC9CEB8-8B4A-11D0-8D11-00A0C91BC942}") = "ArrayList", "ArrayList\ArrayList.vcxproj", "{233A0BF5-8F54-4D37-9CCF-3FA9C32BFE23}"
EndProject
Project("{8BC9CEB8-8B4A-11D0-8D11-00A0C91BC942}") = "LinkedList", "LinkedList\LinkedList.vcxproj", "{42652F9A-A20B-4311-A369-9809E8D0DDCB}"
EndProject
Project("{8BC9CEB8-8B4A-11D0-8D11-00A0C91BC942}") = "DLinkedList", "DLinkedList\DLinkedList.vcxproj", "{4227A180-B173-4845-83D9-1F99D3A3D10C}"
EndProject
Project("{8BC9CEB8-8B4A-11D0-8D11-00A0C91BC942}") = "CLinkedList", "CLinkedList\CLinkedList.vcxproj", "{EBD985E4-9E39-49F8-A425-8E3BC1D40503}"
EndProject
Project("{8BC9CEB8-8B4A-11D0-8D11-00A0C91BC942}") = "DBLinkedList", "DBLinkedList\DBLinkedList.vcxproj", "{C73C56DF-D585-4EF5-9302-EFC451A3992E}"
EndProject
Project("{8BC9CEB8-8B4A-11D0-8D11-00A0C91BC942}") = "CppSample", "CppSample\CppSample.vcxproj", "{F7BB5104-8A4F-40E0-84CE-FA4C85580A65}"
EndProject
Project("{8BC9CEB8-8B4A-11D0-8D11-00A0C91BC942}") = "DBLinkedListWithDummy", "DBLinkedListWithDummy\DBLinkedListWithDummy.vcxproj", "{1CBF8F8B-CB91-4EE2-B612-968E1EC650A4}"
EndProject
Project("{8BC9CEB8-8B4A-11D0-8D11-00A0C91BC942}") = "ArrayBaseStack", "ArrayBaseStack\ArrayBaseStack.vcxproj", "{D620222D-E42F-4FDB-877E-44257C38703E}"
EndProject
Project("{8BC9CEB8-8B4A-11D0-8D11-00A0C91BC942}") = "ListBaseStack", "ListBaseStack\ListBaseStack.vcxproj", "{AA0A7CD2-CDD5-4CFF-85A0-C5CD7D4D38F0}"
EndProject
Project("{8BC9CEB8-8B4A-11D0-8D11-00A0C91BC942}") = "Calculator", "Calculator\Calculator.vcxproj", "{3B554C2F-29CC-42F8-B138-D49575506BD0}"
EndProject
Project("{8BC9CEB8-8B4A-11D0-8D11-00A0C91BC942}") = "CircularQueue", "CircularQueue\CircularQueue.vcxproj", "{75D9F7B3-321B-458A-A7CB-A6774BA6CDD4}"
EndProject
Project("{8BC9CEB8-8B4A-11D0-8D11-00A0C91BC942}") = "ListBaseQueue", "ListBaseQueue\ListBaseQueue.vcxproj", "{FAD98A34-5257-4F1D-924C-B2CB6D062C4B}"
EndProject
Project("{8BC9CEB8-8B4A-11D0-8D11-00A0C91BC942}") = "Temp", "Temp\Temp.vcxproj", "{214CE3A9-472F-468A-8C6B-5CDB35341620}"
EndProject
Project("{8BC9CEB8-8B4A-11D0-8D11-00A0C91BC942}") = "BinaryTree", "BinaryTree\BinaryTree.vcxproj", "{40941106-1243-4060-B22A-FED69CD14475}"
EndProject
Project("{8BC9CEB8-8B4A-11D0-8D11-00A0C91BC942}") = "PStudent", "PStudent\PStudent.vcxproj", "{CB65046B-74F1-47F7-B099-04617591174F}"
EndProject
Project("{8BC9CEB8-8B4A-11D0-8D11-00A0C91BC942}") = "ExpressionTree", "ExpressionTree\ExpressionTree.vcxproj", "{DE3C0AA5-8A57-430C-87AA-499614F95F9C}"
EndProject
Project("{8BC9CEB8-8B4A-11D0-8D11-00A0C91BC942}") = "SimpleHeap", "SimpleHeap\SimpleHeap.vcxproj", "{C9318321-D7E7-4A8B-83A8-AF293C3481B4}"
EndProject
Project("{8BC9CEB8-8B4A-11D0-8D11-00A0C91BC942}") = "UsefulHeap", "UsefulHeap\UsefulHeap.vcxproj", "{455A6160-A830-49D6-96CC-CC5469FDDE49}"
EndProject
Project("{8BC9CEB8-8B4A-11D0-8D11-00A0C91BC942}") = "BubbleSort", "BubbleSort\BubbleSort.vcxproj", "{693699CF-FC7D-4A59-93C9-3BF10266D8CD}"
EndProject
Project("{8BC9CEB8-8B4A-11D0-8D11-00A0C91BC942}") = "SelectionSort", "SelectionSort\SelectionSort.vcxproj", "{077CC38F-FE9E-4434-9DC9-58A8862705C5}"
EndProject
Project("{8BC9CEB8-8B4A-11D0-8D11-00A0C91BC942}") = "InsertionSort", "InsertionSort\InsertionSort.vcxproj", "{9DC1FD35-C68E-434F-B391-3FD8F6A4CE84}"
EndProject
Project("{8BC9CEB8-8B4A-11D0-8D11-00A0C91BC942}") = "HeapSort", "HeapSort\HeapSort.vcxproj", "{DA9C7B1D-64C0-41CE-BD94-DF660F782E37}"
EndProject
Global
	GlobalSection(SolutionConfigurationPlatforms) = preSolution
		Debug|Any CPU = Debug|Any CPU
		Debug|x64 = Debug|x64
		Debug|x86 = Debug|x86
		Release|Any CPU = Release|Any CPU
		Release|x64 = Release|x64
		Release|x86 = Release|x86
	EndGlobalSection
	GlobalSection(ProjectConfigurationPlatforms) = postSolution
		{A8DF6456-FA50-4EAB-83C0-64EFC33DE7B5}.Debug|Any CPU.ActiveCfg = Debug|Win32
		{A8DF6456-FA50-4EAB-83C0-64EFC33DE7B5}.Debug|x64.ActiveCfg = Debug|x64
		{A8DF6456-FA50-4EAB-83C0-64EFC33DE7B5}.Debug|x64.Build.0 = Debug|x64
		{A8DF6456-FA50-4EAB-83C0-64EFC33DE7B5}.Debug|x86.ActiveCfg = Debug|Win32
		{A8DF6456-FA50-4EAB-83C0-64EFC33DE7B5}.Debug|x86.Build.0 = Debug|Win32
		{A8DF6456-FA50-4EAB-83C0-64EFC33DE7B5}.Release|Any CPU.ActiveCfg = Release|Win32
		{A8DF6456-FA50-4EAB-83C0-64EFC33DE7B5}.Release|x64.ActiveCfg = Release|x64
		{A8DF6456-FA50-4EAB-83C0-64EFC33DE7B5}.Release|x64.Build.0 = Release|x64
		{A8DF6456-FA50-4EAB-83C0-64EFC33DE7B5}.Release|x86.ActiveCfg = Release|Win32
		{A8DF6456-FA50-4EAB-83C0-64EFC33DE7B5}.Release|x86.Build.0 = Release|Win32
		{852FF3B8-8CCD-403B-B5D6-C67BAD5E7A59}.Debug|Any CPU.ActiveCfg = Debug|Win32
		{852FF3B8-8CCD-403B-B5D6-C67BAD5E7A59}.Debug|x64.ActiveCfg = Debug|x64
		{852FF3B8-8CCD-403B-B5D6-C67BAD5E7A59}.Debug|x64.Build.0 = Debug|x64
		{852FF3B8-8CCD-403B-B5D6-C67BAD5E7A59}.Debug|x86.ActiveCfg = Debug|Win32
		{852FF3B8-8CCD-403B-B5D6-C67BAD5E7A59}.Debug|x86.Build.0 = Debug|Win32
		{852FF3B8-8CCD-403B-B5D6-C67BAD5E7A59}.Release|Any CPU.ActiveCfg = Release|Win32
		{852FF3B8-8CCD-403B-B5D6-C67BAD5E7A59}.Release|x64.ActiveCfg = Release|x64
		{852FF3B8-8CCD-403B-B5D6-C67BAD5E7A59}.Release|x64.Build.0 = Release|x64
		{852FF3B8-8CCD-403B-B5D6-C67BAD5E7A59}.Release|x86.ActiveCfg = Release|Win32
		{852FF3B8-8CCD-403B-B5D6-C67BAD5E7A59}.Release|x86.Build.0 = Release|Win32
		{BC74A167-1FED-4BC1-A00C-C84B6A148214}.Debug|Any CPU.ActiveCfg = Debug|Win32
		{BC74A167-1FED-4BC1-A00C-C84B6A148214}.Debug|x64.ActiveCfg = Debug|x64
		{BC74A167-1FED-4BC1-A00C-C84B6A148214}.Debug|x64.Build.0 = Debug|x64
		{BC74A167-1FED-4BC1-A00C-C84B6A148214}.Debug|x86.ActiveCfg = Debug|Win32
		{BC74A167-1FED-4BC1-A00C-C84B6A148214}.Debug|x86.Build.0 = Debug|Win32
		{BC74A167-1FED-4BC1-A00C-C84B6A148214}.Release|Any CPU.ActiveCfg = Release|Win32
		{BC74A167-1FED-4BC1-A00C-C84B6A148214}.Release|x64.ActiveCfg = Release|x64
		{BC74A167-1FED-4BC1-A00C-C84B6A148214}.Release|x64.Build.0 = Release|x64
		{BC74A167-1FED-4BC1-A00C-C84B6A148214}.Release|x86.ActiveCfg = Release|Win32
		{BC74A167-1FED-4BC1-A00C-C84B6A148214}.Release|x86.Build.0 = Release|Win32
		{05257DD7-C63E-4817-9499-276F9D6A9010}.Debug|Any CPU.ActiveCfg = Debug|Win32
		{05257DD7-C63E-4817-9499-276F9D6A9010}.Debug|x64.ActiveCfg = Debug|x64
		{05257DD7-C63E-4817-9499-276F9D6A9010}.Debug|x64.Build.0 = Debug|x64
		{05257DD7-C63E-4817-9499-276F9D6A9010}.Debug|x86.ActiveCfg = Debug|Win32
		{05257DD7-C63E-4817-9499-276F9D6A9010}.Debug|x86.Build.0 = Debug|Win32
		{05257DD7-C63E-4817-9499-276F9D6A9010}.Release|Any CPU.ActiveCfg = Release|Win32
		{05257DD7-C63E-4817-9499-276F9D6A9010}.Release|x64.ActiveCfg = Release|x64
		{05257DD7-C63E-4817-9499-276F9D6A9010}.Release|x64.Build.0 = Release|x64
		{05257DD7-C63E-4817-9499-276F9D6A9010}.Release|x86.ActiveCfg = Release|Win32
		{05257DD7-C63E-4817-9499-276F9D6A9010}.Release|x86.Build.0 = Release|Win32
		{C6145AA1-B897-4D72-B9DF-D153C47167CC}.Debug|Any CPU.ActiveCfg = Debug|Win32
		{C6145AA1-B897-4D72-B9DF-D153C47167CC}.Debug|x64.ActiveCfg = Debug|x64
		{C6145AA1-B897-4D72-B9DF-D153C47167CC}.Debug|x64.Build.0 = Debug|x64
		{C6145AA1-B897-4D72-B9DF-D153C47167CC}.Debug|x86.ActiveCfg = Debug|Win32
		{C6145AA1-B897-4D72-B9DF-D153C47167CC}.Debug|x86.Build.0 = Debug|Win32
		{C6145AA1-B897-4D72-B9DF-D153C47167CC}.Release|Any CPU.ActiveCfg = Release|Win32
		{C6145AA1-B897-4D72-B9DF-D153C47167CC}.Release|x64.ActiveCfg = Release|x64
		{C6145AA1-B897-4D72-B9DF-D153C47167CC}.Release|x64.Build.0 = Release|x64
		{C6145AA1-B897-4D72-B9DF-D153C47167CC}.Release|x86.ActiveCfg = Release|Win32
		{C6145AA1-B897-4D72-B9DF-D153C47167CC}.Release|x86.Build.0 = Release|Win32
		{233A0BF5-8F54-4D37-9CCF-3FA9C32BFE23}.Debug|Any CPU.ActiveCfg = Debug|Win32
		{233A0BF5-8F54-4D37-9CCF-3FA9C32BFE23}.Debug|x64.ActiveCfg = Debug|x64
		{233A0BF5-8F54-4D37-9CCF-3FA9C32BFE23}.Debug|x64.Build.0 = Debug|x64
		{233A0BF5-8F54-4D37-9CCF-3FA9C32BFE23}.Debug|x86.ActiveCfg = Debug|Win32
		{233A0BF5-8F54-4D37-9CCF-3FA9C32BFE23}.Debug|x86.Build.0 = Debug|Win32
		{233A0BF5-8F54-4D37-9CCF-3FA9C32BFE23}.Release|Any CPU.ActiveCfg = Release|Win32
		{233A0BF5-8F54-4D37-9CCF-3FA9C32BFE23}.Release|x64.ActiveCfg = Release|x64
		{233A0BF5-8F54-4D37-9CCF-3FA9C32BFE23}.Release|x64.Build.0 = Release|x64
		{233A0BF5-8F54-4D37-9CCF-3FA9C32BFE23}.Release|x86.ActiveCfg = Release|Win32
		{233A0BF5-8F54-4D37-9CCF-3FA9C32BFE23}.Release|x86.Build.0 = Release|Win32
		{42652F9A-A20B-4311-A369-9809E8D0DDCB}.Debug|Any CPU.ActiveCfg = Debug|Win32
		{42652F9A-A20B-4311-A369-9809E8D0DDCB}.Debug|x64.ActiveCfg = Debug|x64
		{42652F9A-A20B-4311-A369-9809E8D0DDCB}.Debug|x64.Build.0 = Debug|x64
		{42652F9A-A20B-4311-A369-9809E8D0DDCB}.Debug|x86.ActiveCfg = Debug|Win32
		{42652F9A-A20B-4311-A369-9809E8D0DDCB}.Debug|x86.Build.0 = Debug|Win32
		{42652F9A-A20B-4311-A369-9809E8D0DDCB}.Release|Any CPU.ActiveCfg = Release|Win32
		{42652F9A-A20B-4311-A369-9809E8D0DDCB}.Release|x64.ActiveCfg = Release|x64
		{42652F9A-A20B-4311-A369-9809E8D0DDCB}.Release|x64.Build.0 = Release|x64
		{42652F9A-A20B-4311-A369-9809E8D0DDCB}.Release|x86.ActiveCfg = Release|Win32
		{42652F9A-A20B-4311-A369-9809E8D0DDCB}.Release|x86.Build.0 = Release|Win32
		{4227A180-B173-4845-83D9-1F99D3A3D10C}.Debug|Any CPU.ActiveCfg = Debug|Win32
		{4227A180-B173-4845-83D9-1F99D3A3D10C}.Debug|x64.ActiveCfg = Debug|x64
		{4227A180-B173-4845-83D9-1F99D3A3D10C}.Debug|x64.Build.0 = Debug|x64
		{4227A180-B173-4845-83D9-1F99D3A3D10C}.Debug|x86.ActiveCfg = Debug|Win32
		{4227A180-B173-4845-83D9-1F99D3A3D10C}.Debug|x86.Build.0 = Debug|Win32
		{4227A180-B173-4845-83D9-1F99D3A3D10C}.Release|Any CPU.ActiveCfg = Release|Win32
		{4227A180-B173-4845-83D9-1F99D3A3D10C}.Release|x64.ActiveCfg = Release|x64
		{4227A180-B173-4845-83D9-1F99D3A3D10C}.Release|x64.Build.0 = Release|x64
		{4227A180-B173-4845-83D9-1F99D3A3D10C}.Release|x86.ActiveCfg = Release|Win32
		{4227A180-B173-4845-83D9-1F99D3A3D10C}.Release|x86.Build.0 = Release|Win32
		{EBD985E4-9E39-49F8-A425-8E3BC1D40503}.Debug|Any CPU.ActiveCfg = Debug|Win32
		{EBD985E4-9E39-49F8-A425-8E3BC1D40503}.Debug|x64.ActiveCfg = Debug|x64
		{EBD985E4-9E39-49F8-A425-8E3BC1D40503}.Debug|x64.Build.0 = Debug|x64
		{EBD985E4-9E39-49F8-A425-8E3BC1D40503}.Debug|x86.ActiveCfg = Debug|Win32
		{EBD985E4-9E39-49F8-A425-8E3BC1D40503}.Debug|x86.Build.0 = Debug|Win32
		{EBD985E4-9E39-49F8-A425-8E3BC1D40503}.Release|Any CPU.ActiveCfg = Release|Win32
		{EBD985E4-9E39-49F8-A425-8E3BC1D40503}.Release|x64.ActiveCfg = Release|x64
		{EBD985E4-9E39-49F8-A425-8E3BC1D40503}.Release|x64.Build.0 = Release|x64
		{EBD985E4-9E39-49F8-A425-8E3BC1D40503}.Release|x86.ActiveCfg = Release|Win32
		{EBD985E4-9E39-49F8-A425-8E3BC1D40503}.Release|x86.Build.0 = Release|Win32
		{C73C56DF-D585-4EF5-9302-EFC451A3992E}.Debug|Any CPU.ActiveCfg = Debug|Win32
		{C73C56DF-D585-4EF5-9302-EFC451A3992E}.Debug|x64.ActiveCfg = Debug|x64
		{C73C56DF-D585-4EF5-9302-EFC451A3992E}.Debug|x64.Build.0 = Debug|x64
		{C73C56DF-D585-4EF5-9302-EFC451A3992E}.Debug|x86.ActiveCfg = Debug|Win32
		{C73C56DF-D585-4EF5-9302-EFC451A3992E}.Debug|x86.Build.0 = Debug|Win32
		{C73C56DF-D585-4EF5-9302-EFC451A3992E}.Release|Any CPU.ActiveCfg = Release|Win32
		{C73C56DF-D585-4EF5-9302-EFC451A3992E}.Release|x64.ActiveCfg = Release|x64
		{C73C56DF-D585-4EF5-9302-EFC451A3992E}.Release|x64.Build.0 = Release|x64
		{C73C56DF-D585-4EF5-9302-EFC451A3992E}.Release|x86.ActiveCfg = Release|Win32
		{C73C56DF-D585-4EF5-9302-EFC451A3992E}.Release|x86.Build.0 = Release|Win32
		{F7BB5104-8A4F-40E0-84CE-FA4C85580A65}.Debug|Any CPU.ActiveCfg = Debug|Win32
		{F7BB5104-8A4F-40E0-84CE-FA4C85580A65}.Debug|x64.ActiveCfg = Debug|x64
		{F7BB5104-8A4F-40E0-84CE-FA4C85580A65}.Debug|x64.Build.0 = Debug|x64
		{F7BB5104-8A4F-40E0-84CE-FA4C85580A65}.Debug|x86.ActiveCfg = Debug|Win32
		{F7BB5104-8A4F-40E0-84CE-FA4C85580A65}.Debug|x86.Build.0 = Debug|Win32
		{F7BB5104-8A4F-40E0-84CE-FA4C85580A65}.Release|Any CPU.ActiveCfg = Release|Win32
		{F7BB5104-8A4F-40E0-84CE-FA4C85580A65}.Release|x64.ActiveCfg = Release|x64
		{F7BB5104-8A4F-40E0-84CE-FA4C85580A65}.Release|x64.Build.0 = Release|x64
		{F7BB5104-8A4F-40E0-84CE-FA4C85580A65}.Release|x86.ActiveCfg = Release|Win32
		{F7BB5104-8A4F-40E0-84CE-FA4C85580A65}.Release|x86.Build.0 = Release|Win32
		{1CBF8F8B-CB91-4EE2-B612-968E1EC650A4}.Debug|Any CPU.ActiveCfg = Debug|Win32
		{1CBF8F8B-CB91-4EE2-B612-968E1EC650A4}.Debug|x64.ActiveCfg = Debug|x64
		{1CBF8F8B-CB91-4EE2-B612-968E1EC650A4}.Debug|x64.Build.0 = Debug|x64
		{1CBF8F8B-CB91-4EE2-B612-968E1EC650A4}.Debug|x86.ActiveCfg = Debug|Win32
		{1CBF8F8B-CB91-4EE2-B612-968E1EC650A4}.Debug|x86.Build.0 = Debug|Win32
		{1CBF8F8B-CB91-4EE2-B612-968E1EC650A4}.Release|Any CPU.ActiveCfg = Release|Win32
		{1CBF8F8B-CB91-4EE2-B612-968E1EC650A4}.Release|x64.ActiveCfg = Release|x64
		{1CBF8F8B-CB91-4EE2-B612-968E1EC650A4}.Release|x64.Build.0 = Release|x64
		{1CBF8F8B-CB91-4EE2-B612-968E1EC650A4}.Release|x86.ActiveCfg = Release|Win32
		{1CBF8F8B-CB91-4EE2-B612-968E1EC650A4}.Release|x86.Build.0 = Release|Win32
		{D620222D-E42F-4FDB-877E-44257C38703E}.Debug|Any CPU.ActiveCfg = Debug|Win32
		{D620222D-E42F-4FDB-877E-44257C38703E}.Debug|x64.ActiveCfg = Debug|x64
		{D620222D-E42F-4FDB-877E-44257C38703E}.Debug|x64.Build.0 = Debug|x64
		{D620222D-E42F-4FDB-877E-44257C38703E}.Debug|x86.ActiveCfg = Debug|Win32
		{D620222D-E42F-4FDB-877E-44257C38703E}.Debug|x86.Build.0 = Debug|Win32
		{D620222D-E42F-4FDB-877E-44257C38703E}.Release|Any CPU.ActiveCfg = Release|Win32
		{D620222D-E42F-4FDB-877E-44257C38703E}.Release|x64.ActiveCfg = Release|x64
		{D620222D-E42F-4FDB-877E-44257C38703E}.Release|x64.Build.0 = Release|x64
		{D620222D-E42F-4FDB-877E-44257C38703E}.Release|x86.ActiveCfg = Release|Win32
		{D620222D-E42F-4FDB-877E-44257C38703E}.Release|x86.Build.0 = Release|Win32
		{AA0A7CD2-CDD5-4CFF-85A0-C5CD7D4D38F0}.Debug|Any CPU.ActiveCfg = Debug|Win32
		{AA0A7CD2-CDD5-4CFF-85A0-C5CD7D4D38F0}.Debug|x64.ActiveCfg = Debug|x64
		{AA0A7CD2-CDD5-4CFF-85A0-C5CD7D4D38F0}.Debug|x64.Build.0 = Debug|x64
		{AA0A7CD2-CDD5-4CFF-85A0-C5CD7D4D38F0}.Debug|x86.ActiveCfg = Debug|Win32
		{AA0A7CD2-CDD5-4CFF-85A0-C5CD7D4D38F0}.Debug|x86.Build.0 = Debug|Win32
		{AA0A7CD2-CDD5-4CFF-85A0-C5CD7D4D38F0}.Release|Any CPU.ActiveCfg = Release|Win32
		{AA0A7CD2-CDD5-4CFF-85A0-C5CD7D4D38F0}.Release|x64.ActiveCfg = Release|x64
		{AA0A7CD2-CDD5-4CFF-85A0-C5CD7D4D38F0}.Release|x64.Build.0 = Release|x64
		{AA0A7CD2-CDD5-4CFF-85A0-C5CD7D4D38F0}.Release|x86.ActiveCfg = Release|Win32
		{AA0A7CD2-CDD5-4CFF-85A0-C5CD7D4D38F0}.Release|x86.Build.0 = Release|Win32
		{3B554C2F-29CC-42F8-B138-D49575506BD0}.Debug|Any CPU.ActiveCfg = Debug|Win32
		{3B554C2F-29CC-42F8-B138-D49575506BD0}.Debug|x64.ActiveCfg = Debug|x64
		{3B554C2F-29CC-42F8-B138-D49575506BD0}.Debug|x64.Build.0 = Debug|x64
		{3B554C2F-29CC-42F8-B138-D49575506BD0}.Debug|x86.ActiveCfg = Debug|Win32
		{3B554C2F-29CC-42F8-B138-D49575506BD0}.Debug|x86.Build.0 = Debug|Win32
		{3B554C2F-29CC-42F8-B138-D49575506BD0}.Release|Any CPU.ActiveCfg = Release|Win32
		{3B554C2F-29CC-42F8-B138-D49575506BD0}.Release|x64.ActiveCfg = Release|x64
		{3B554C2F-29CC-42F8-B138-D49575506BD0}.Release|x64.Build.0 = Release|x64
		{3B554C2F-29CC-42F8-B138-D49575506BD0}.Release|x86.ActiveCfg = Release|Win32
		{3B554C2F-29CC-42F8-B138-D49575506BD0}.Release|x86.Build.0 = Release|Win32
		{75D9F7B3-321B-458A-A7CB-A6774BA6CDD4}.Debug|Any CPU.ActiveCfg = Debug|Win32
		{75D9F7B3-321B-458A-A7CB-A6774BA6CDD4}.Debug|x64.ActiveCfg = Debug|x64
		{75D9F7B3-321B-458A-A7CB-A6774BA6CDD4}.Debug|x64.Build.0 = Debug|x64
		{75D9F7B3-321B-458A-A7CB-A6774BA6CDD4}.Debug|x86.ActiveCfg = Debug|Win32
		{75D9F7B3-321B-458A-A7CB-A6774BA6CDD4}.Debug|x86.Build.0 = Debug|Win32
		{75D9F7B3-321B-458A-A7CB-A6774BA6CDD4}.Release|Any CPU.ActiveCfg = Release|Win32
		{75D9F7B3-321B-458A-A7CB-A6774BA6CDD4}.Release|x64.ActiveCfg = Release|x64
		{75D9F7B3-321B-458A-A7CB-A6774BA6CDD4}.Release|x64.Build.0 = Release|x64
		{75D9F7B3-321B-458A-A7CB-A6774BA6CDD4}.Release|x86.ActiveCfg = Release|Win32
		{75D9F7B3-321B-458A-A7CB-A6774BA6CDD4}.Release|x86.Build.0 = Release|Win32
		{FAD98A34-5257-4F1D-924C-B2CB6D062C4B}.Debug|Any CPU.ActiveCfg = Debug|Win32
		{FAD98A34-5257-4F1D-924C-B2CB6D062C4B}.Debug|x64.ActiveCfg = Debug|x64
		{FAD98A34-5257-4F1D-924C-B2CB6D062C4B}.Debug|x64.Build.0 = Debug|x64
		{FAD98A34-5257-4F1D-924C-B2CB6D062C4B}.Debug|x86.ActiveCfg = Debug|Win32
		{FAD98A34-5257-4F1D-924C-B2CB6D062C4B}.Debug|x86.Build.0 = Debug|Win32
		{FAD98A34-5257-4F1D-924C-B2CB6D062C4B}.Release|Any CPU.ActiveCfg = Release|Win32
		{FAD98A34-5257-4F1D-924C-B2CB6D062C4B}.Release|x64.ActiveCfg = Release|x64
		{FAD98A34-5257-4F1D-924C-B2CB6D062C4B}.Release|x64.Build.0 = Release|x64
		{FAD98A34-5257-4F1D-924C-B2CB6D062C4B}.Release|x86.ActiveCfg = Release|Win32
		{FAD98A34-5257-4F1D-924C-B2CB6D062C4B}.Release|x86.Build.0 = Release|Win32
		{214CE3A9-472F-468A-8C6B-5CDB35341620}.Debug|Any CPU.ActiveCfg = Debug|Win32
		{214CE3A9-472F-468A-8C6B-5CDB35341620}.Debug|x64.ActiveCfg = Debug|x64
		{214CE3A9-472F-468A-8C6B-5CDB35341620}.Debug|x64.Build.0 = Debug|x64
		{214CE3A9-472F-468A-8C6B-5CDB35341620}.Debug|x86.ActiveCfg = Debug|Win32
		{214CE3A9-472F-468A-8C6B-5CDB35341620}.Debug|x86.Build.0 = Debug|Win32
		{214CE3A9-472F-468A-8C6B-5CDB35341620}.Release|Any CPU.ActiveCfg = Release|Win32
		{214CE3A9-472F-468A-8C6B-5CDB35341620}.Release|x64.ActiveCfg = Release|x64
		{214CE3A9-472F-468A-8C6B-5CDB35341620}.Release|x64.Build.0 = Release|x64
		{214CE3A9-472F-468A-8C6B-5CDB35341620}.Release|x86.ActiveCfg = Release|Win32
		{214CE3A9-472F-468A-8C6B-5CDB35341620}.Release|x86.Build.0 = Release|Win32
		{40941106-1243-4060-B22A-FED69CD14475}.Debug|Any CPU.ActiveCfg = Debug|Win32
		{40941106-1243-4060-B22A-FED69CD14475}.Debug|x64.ActiveCfg = Debug|x64
		{40941106-1243-4060-B22A-FED69CD14475}.Debug|x64.Build.0 = Debug|x64
		{40941106-1243-4060-B22A-FED69CD14475}.Debug|x86.ActiveCfg = Debug|Win32
		{40941106-1243-4060-B22A-FED69CD14475}.Debug|x86.Build.0 = Debug|Win32
		{40941106-1243-4060-B22A-FED69CD14475}.Release|Any CPU.ActiveCfg = Release|Win32
		{40941106-1243-4060-B22A-FED69CD14475}.Release|x64.ActiveCfg = Release|x64
		{40941106-1243-4060-B22A-FED69CD14475}.Release|x64.Build.0 = Release|x64
		{40941106-1243-4060-B22A-FED69CD14475}.Release|x86.ActiveCfg = Release|Win32
		{40941106-1243-4060-B22A-FED69CD14475}.Release|x86.Build.0 = Release|Win32
		{CB65046B-74F1-47F7-B099-04617591174F}.Debug|Any CPU.ActiveCfg = Debug|Win32
		{CB65046B-74F1-47F7-B099-04617591174F}.Debug|x64.ActiveCfg = Debug|x64
		{CB65046B-74F1-47F7-B099-04617591174F}.Debug|x64.Build.0 = Debug|x64
		{CB65046B-74F1-47F7-B099-04617591174F}.Debug|x86.ActiveCfg = Debug|Win32
		{CB65046B-74F1-47F7-B099-04617591174F}.Debug|x86.Build.0 = Debug|Win32
		{CB65046B-74F1-47F7-B099-04617591174F}.Release|Any CPU.ActiveCfg = Release|Win32
		{CB65046B-74F1-47F7-B099-04617591174F}.Release|x64.ActiveCfg = Release|x64
		{CB65046B-74F1-47F7-B099-04617591174F}.Release|x64.Build.0 = Release|x64
		{CB65046B-74F1-47F7-B099-04617591174F}.Release|x86.ActiveCfg = Release|Win32
		{CB65046B-74F1-47F7-B099-04617591174F}.Release|x86.Build.0 = Release|Win32
		{DE3C0AA5-8A57-430C-87AA-499614F95F9C}.Debug|Any CPU.ActiveCfg = Debug|Win32
		{DE3C0AA5-8A57-430C-87AA-499614F95F9C}.Debug|x64.ActiveCfg = Debug|x64
		{DE3C0AA5-8A57-430C-87AA-499614F95F9C}.Debug|x64.Build.0 = Debug|x64
		{DE3C0AA5-8A57-430C-87AA-499614F95F9C}.Debug|x86.ActiveCfg = Debug|Win32
		{DE3C0AA5-8A57-430C-87AA-499614F95F9C}.Debug|x86.Build.0 = Debug|Win32
		{DE3C0AA5-8A57-430C-87AA-499614F95F9C}.Release|Any CPU.ActiveCfg = Release|Win32
		{DE3C0AA5-8A57-430C-87AA-499614F95F9C}.Release|x64.ActiveCfg = Release|x64
		{DE3C0AA5-8A57-430C-87AA-499614F95F9C}.Release|x64.Build.0 = Release|x64
		{DE3C0AA5-8A57-430C-87AA-499614F95F9C}.Release|x86.ActiveCfg = Release|Win32
		{DE3C0AA5-8A57-430C-87AA-499614F95F9C}.Release|x86.Build.0 = Release|Win32
		{C9318321-D7E7-4A8B-83A8-AF293C3481B4}.Debug|Any CPU.ActiveCfg = Debug|Win32
		{C9318321-D7E7-4A8B-83A8-AF293C3481B4}.Debug|x64.ActiveCfg = Debug|x64
		{C9318321-D7E7-4A8B-83A8-AF293C3481B4}.Debug|x64.Build.0 = Debug|x64
		{C9318321-D7E7-4A8B-83A8-AF293C3481B4}.Debug|x86.ActiveCfg = Debug|Win32
		{C9318321-D7E7-4A8B-83A8-AF293C3481B4}.Debug|x86.Build.0 = Debug|Win32
		{C9318321-D7E7-4A8B-83A8-AF293C3481B4}.Release|Any CPU.ActiveCfg = Release|Win32
		{C9318321-D7E7-4A8B-83A8-AF293C3481B4}.Release|x64.ActiveCfg = Release|x64
		{C9318321-D7E7-4A8B-83A8-AF293C3481B4}.Release|x64.Build.0 = Release|x64
		{C9318321-D7E7-4A8B-83A8-AF293C3481B4}.Release|x86.ActiveCfg = Release|Win32
		{C9318321-D7E7-4A8B-83A8-AF293C3481B4}.Release|x86.Build.0 = Release|Win32
		{455A6160-A830-49D6-96CC-CC5469FDDE49}.Debug|Any CPU.ActiveCfg = Debug|Win32
		{455A6160-A830-49D6-96CC-CC5469FDDE49}.Debug|x64.ActiveCfg = Debug|x64
		{455A6160-A830-49D6-96CC-CC5469FDDE49}.Debug|x64.Build.0 = Debug|x64
		{455A6160-A830-49D6-96CC-CC5469FDDE49}.Debug|x86.ActiveCfg = Debug|Win32
		{455A6160-A830-49D6-96CC-CC5469FDDE49}.Debug|x86.Build.0 = Debug|Win32
		{455A6160-A830-49D6-96CC-CC5469FDDE49}.Release|Any CPU.ActiveCfg = Release|Win32
		{455A6160-A830-49D6-96CC-CC5469FDDE49}.Release|x64.ActiveCfg = Release|x64
		{455A6160-A830-49D6-96CC-CC5469FDDE49}.Release|x64.Build.0 = Release|x64
		{455A6160-A830-49D6-96CC-CC5469FDDE49}.Release|x86.ActiveCfg = Release|Win32
		{455A6160-A830-49D6-96CC-CC5469FDDE49}.Release|x86.Build.0 = Release|Win32
		{693699CF-FC7D-4A59-93C9-3BF10266D8CD}.Debug|Any CPU.ActiveCfg = Debug|Win32
		{693699CF-FC7D-4A59-93C9-3BF10266D8CD}.Debug|x64.ActiveCfg = Debug|x64
		{693699CF-FC7D-4A59-93C9-3BF10266D8CD}.Debug|x64.Build.0 = Debug|x64
		{693699CF-FC7D-4A59-93C9-3BF10266D8CD}.Debug|x86.ActiveCfg = Debug|Win32
		{693699CF-FC7D-4A59-93C9-3BF10266D8CD}.Debug|x86.Build.0 = Debug|Win32
		{693699CF-FC7D-4A59-93C9-3BF10266D8CD}.Release|Any CPU.ActiveCfg = Release|Win32
		{693699CF-FC7D-4A59-93C9-3BF10266D8CD}.Release|x64.ActiveCfg = Release|x64
		{693699CF-FC7D-4A59-93C9-3BF10266D8CD}.Release|x64.Build.0 = Release|x64
		{693699CF-FC7D-4A59-93C9-3BF10266D8CD}.Release|x86.ActiveCfg = Release|Win32
		{693699CF-FC7D-4A59-93C9-3BF10266D8CD}.Release|x86.Build.0 = Release|Win32
		{077CC38F-FE9E-4434-9DC9-58A8862705C5}.Debug|Any CPU.ActiveCfg = Debug|Win32
		{077CC38F-FE9E-4434-9DC9-58A8862705C5}.Debug|x64.ActiveCfg = Debug|x64
		{077CC38F-FE9E-4434-9DC9-58A8862705C5}.Debug|x64.Build.0 = Debug|x64
		{077CC38F-FE9E-4434-9DC9-58A8862705C5}.Debug|x86.ActiveCfg = Debug|Win32
		{077CC38F-FE9E-4434-9DC9-58A8862705C5}.Debug|x86.Build.0 = Debug|Win32
		{077CC38F-FE9E-4434-9DC9-58A8862705C5}.Release|Any CPU.ActiveCfg = Release|Win32
		{077CC38F-FE9E-4434-9DC9-58A8862705C5}.Release|x64.ActiveCfg = Release|x64
		{077CC38F-FE9E-4434-9DC9-58A8862705C5}.Release|x64.Build.0 = Release|x64
		{077CC38F-FE9E-4434-9DC9-58A8862705C5}.Release|x86.ActiveCfg = Release|Win32
		{077CC38F-FE9E-4434-9DC9-58A8862705C5}.Release|x86.Build.0 = Release|Win32
		{9DC1FD35-C68E-434F-B391-3FD8F6A4CE84}.Debug|Any CPU.ActiveCfg = Debug|Win32
		{9DC1FD35-C68E-434F-B391-3FD8F6A4CE84}.Debug|x64.ActiveCfg = Debug|x64
		{9DC1FD35-C68E-434F-B391-3FD8F6A4CE84}.Debug|x64.Build.0 = Debug|x64
		{9DC1FD35-C68E-434F-B391-3FD8F6A4CE84}.Debug|x86.ActiveCfg = Debug|Win32
		{9DC1FD35-C68E-434F-B391-3FD8F6A4CE84}.Debug|x86.Build.0 = Debug|Win32
		{9DC1FD35-C68E-434F-B391-3FD8F6A4CE84}.Release|Any CPU.ActiveCfg = Release|Win32
		{9DC1FD35-C68E-434F-B391-3FD8F6A4CE84}.Release|x64.ActiveCfg = Release|x64
		{9DC1FD35-C68E-434F-B391-3FD8F6A4CE84}.Release|x64.Build.0 = Release|x64
		{9DC1FD35-C68E-434F-B391-3FD8F6A4CE84}.Release|x86.ActiveCfg = Release|Win32
		{9DC1FD35-C68E-434F-B391-3FD8F6A4CE84}.Release|x86.Build.0 = Release|Win32
		{DA9C7B1D-64C0-41CE-BD94-DF660F782E37}.Debug|Any CPU.ActiveCfg = Debug|Win32
		{DA9C7B1D-64C0-41CE-BD94-DF660F782E37}.Debug|x64.ActiveCfg = Debug|x64
		{DA9C7B1D-64C0-41CE-BD94-DF660F782E37}.Debug|x64.Build.0 = Debug|x64
		{DA9C7B1D-64C0-41CE-BD94-DF660F782E37}.Debug|x86.ActiveCfg = Debug|Win32
		{DA9C7B1D-64C0-41CE-BD94-DF660F782E37}.Debug|x86.Build.0 = Debug|Win32
		{DA9C7B1D-64C0-41CE-BD94-DF660F782E37}.Release|Any CPU.ActiveCfg = Release|Win32
		{DA9C7B1D-64C0-41CE-BD94-DF660F782E37}.Release|x64.ActiveCfg = Release|x64
		{DA9C7B1D-64C0-41CE-BD94-DF660F782E37}.Release|x64.Build.0 = Release|x64
		{DA9C7B1D-64C0-41CE-BD94-DF660F782E37}.Release|x86.ActiveCfg = Release|Win32
		{DA9C7B1D-64C0-41CE-BD94-DF660F782E37}.Release|x86.Build.0 = Release|Win32
	EndGlobalSection
	GlobalSection(SolutionProperties) = preSolution
		HideSolutionNode = FALSE
	EndGlobalSection
EndGlobal
